// !$*UTF8*$!
{
	archiveVersion = 1;
	classes = {
	};
	objectVersion = 77;
	objects = {

/* Begin PBXBuildFile section */
		0238851B7BA5F0191CD4DE93 /* BrowseFlowTests.swift in Sources */ = {isa = PBXBuildFile; fileRef = CA4ECCE31F81E530CE56DFC9 /* BrowseFlowTests.swift */; };
		04688DC0BC46C8427AA1C6EB /* LoginFlowTests.swift in Sources */ = {isa = PBXBuildFile; fileRef = EB17F9414B15CEB68B0151A3 /* LoginFlowTests.swift */; };
		0718843D0983FC3180F61DB9 /* LoginView.swift in Sources */ = {isa = PBXBuildFile; fileRef = 680A06D0C1DA65208C2465C4 /* LoginView.swift */; };
		08502750B642F7E41E3E403D /* S3ServiceProtocol.swift in Sources */ = {isa = PBXBuildFile; fileRef = C3301245FAF2C2927D78836D /* S3ServiceProtocol.swift */; };
		0F145AC2EF378EAF42E066B1 /* BrowserToolbar.swift in Sources */ = {isa = PBXBuildFile; fileRef = D3783AA89C98AF6DC8296547 /* BrowserToolbar.swift */; };
		151FD9CA6B20BD789F59C78F /* ViewerViewModel.swift in Sources */ = {isa = PBXBuildFile; fileRef = 157673D547C21A0234C6E9D7 /* ViewerViewModel.swift */; };
		1895D3A17E4E74777F59F95F /* UITestSupport.swift in Sources */ = {isa = PBXBuildFile; fileRef = 151BDBF6130FF71FAC09E0CA /* UITestSupport.swift */; };
		19867C2FD6DE067FA0836D00 /* S3Item.swift in Sources */ = {isa = PBXBuildFile; fileRef = 9E97CF58EFC6F3F97C03E18C /* S3Item.swift */; };
		1BC66C350688DEDD05289C8F /* Credentials.swift in Sources */ = {isa = PBXBuildFile; fileRef = 981FCE7F188ACD8CBAC04F62 /* Credentials.swift */; };
		1C9A46A36DB14DAEAEFF5F53 /* UploadViewModelTests.swift in Sources */ = {isa = PBXBuildFile; fileRef = 1401FECD7B804EF5A3091A73 /* UploadViewModelTests.swift */; };
		26D80EBB8AA49E2A06EA5005 /* BrowserListView.swift in Sources */ = {isa = PBXBuildFile; fileRef = 2B05F436D96E5323E80AEE9D /* BrowserListView.swift */; };
		2DC77376941C3F75F8C0A61D /* AWSS3 in Frameworks */ = {isa = PBXBuildFile; productRef = 6012F1BD2FFB5C5D011C1169 /* AWSS3 */; };
		2E8499B4767FBF5B9890722C /* FileTypeDetectorTests.swift in Sources */ = {isa = PBXBuildFile; fileRef = 2881FEF5D4C73087C19874B8 /* FileTypeDetectorTests.swift */; };
		3005B56E4E3B45EC99CBBBAA /* ImageIOThumbnailTests.swift in Sources */ = {isa = PBXBuildFile; fileRef = 3127CE2458A84C2F953740FB /* ImageIOThumbnailTests.swift */; };
		36901F20A6DD18C8A138E214 /* CredentialsService.swift in Sources */ = {isa = PBXBuildFile; fileRef = 71B51B0FB3DE8FBA3B565423 /* CredentialsService.swift */; };
		381A41F7B7AD4A43A7B029C3 /* FileActionServiceTests.swift in Sources */ = {isa = PBXBuildFile; fileRef = 5D1E1D44E5BB4460B7115F7C /* FileActionServiceTests.swift */; };
		3A1A14B79A5144C1ABEC9B37 /* UploadSheet.swift in Sources */ = {isa = PBXBuildFile; fileRef = A29584D2C6ED4F8EA08845B3 /* UploadSheet.swift */; };
		0362BE4B5652448AAB0265EB /* CreateFolderSheet.swift in Sources */ = {isa = PBXBuildFile; fileRef = 310E12B6D921473591E09588 /* CreateFolderSheet.swift */; };
		3EEB802352024E249B862A6A /* FileActionService.swift in Sources */ = {isa = PBXBuildFile; fileRef = A8FEA8E7CC82466BBCFE31C4 /* FileActionService.swift */; };
		4591B4882A55F3B113960969 /* CredentialsServiceTests.swift in Sources */ = {isa = PBXBuildFile; fileRef = 0FF04F110CA4A7D0E23C5AD9 /* CredentialsServiceTests.swift */; };
		474107FE33288AADC03D7847 /* S3Service.swift in Sources */ = {isa = PBXBuildFile; fileRef = C15912A41DEE2D46BD0E1107 /* S3Service.swift */; };
		4A445D4F3281BD9EAC1E4162 /* VideoPlayerView.swift in Sources */ = {isa = PBXBuildFile; fileRef = 1FED5DE28152CED18F778162 /* VideoPlayerView.swift */; };
		527223B5B0C8E662506A25C1 /* ViewerFlowTests.swift in Sources */ = {isa = PBXBuildFile; fileRef = 5EBF1BA58F0AF27400364DF7 /* ViewerFlowTests.swift */; };
		5600F94502DE4A189C6F667B /* UploadFlowTests.swift in Sources */ = {isa = PBXBuildFile; fileRef = 7AB200259B684872A17501F4 /* UploadFlowTests.swift */; };
		588D9E808FC84064843761F5 /* ActivityViewController.swift in Sources */ = {isa = PBXBuildFile; fileRef = 18CDCCBDF09A4891A8AD8FA5 /* ActivityViewController.swift */; };
		58FE46E8E1DF7331FC0735FC /* CacheServiceTests.swift in Sources */ = {isa = PBXBuildFile; fileRef = E21F01008AF3E3AA9EBBA735 /* CacheServiceTests.swift */; };
		6ADF5D498103987DC785CC6D /* BrowserView.swift in Sources */ = {isa = PBXBuildFile; fileRef = B0F0CF66C449BD88C3A15F81 /* BrowserView.swift */; };
		6ADFB29AF57C455BA79F4856 /* ThumbnailLoader.swift in Sources */ = {isa = PBXBuildFile; fileRef = 9DD30D9B04A740B9AD6D8EC5 /* ThumbnailLoader.swift */; };
		766B48E9318811FB495F8B69 /* S3GalleryApp.swift in Sources */ = {isa = PBXBuildFile; fileRef = 6E69FEB4E396A09AC90487DA /* S3GalleryApp.swift */; };
		771A2E9469CCC8B215386E85 /* S3ItemRow.swift in Sources */ = {isa = PBXBuildFile; fileRef = 637463A6C3E609560B71729B /* S3ItemRow.swift */; };
		79EDB94491094A07EC660ED7 /* AudioPlayerView.swift in Sources */ = {isa = PBXBuildFile; fileRef = 450D40852532D286A097A330 /* AudioPlayerView.swift */; };
		7A8691E188E014C5389371D8 /* BrowserGridView.swift in Sources */ = {isa = PBXBuildFile; fileRef = 69A780D68F8DB916ED9C7D89 /* BrowserGridView.swift */; };
		7D9DB00C7D65756C75847D5C /* BrowserViewModel.swift in Sources */ = {isa = PBXBuildFile; fileRef = 160CE9D4805A733735EFDBE5 /* BrowserViewModel.swift */; };
		831EC594A18B4FE8964969A0 /* ThumbnailLoaderTests.swift in Sources */ = {isa = PBXBuildFile; fileRef = 7B3A48E944734673ACB486CF /* ThumbnailLoaderTests.swift */; };
		846E664C04084981AF7F6BE3 /* DocumentPickerExporter.swift in Sources */ = {isa = PBXBuildFile; fileRef = CB279D332B784B7BA3C35BB0 /* DocumentPickerExporter.swift */; };
		9A4DEF27D3E12281D1A9A190 /* FileTypeDetector.swift in Sources */ = {isa = PBXBuildFile; fileRef = 0EAB74734188FC18370EDEC7 /* FileTypeDetector.swift */; };
		9BFF76094A88CFA63BA1490B /* LogoutFlowTests.swift in Sources */ = {isa = PBXBuildFile; fileRef = 1CB3D4E864411769634427E4 /* LogoutFlowTests.swift */; };
		9E31D9250AF1087328EC1C6E /* SettingsView.swift in Sources */ = {isa = PBXBuildFile; fileRef = EA41CDD6218A7BECF74E735C /* SettingsView.swift */; };
		A10411628880B1EBDFC4B1F6 /* BrowserViewModelTests.swift in Sources */ = {isa = PBXBuildFile; fileRef = 01417CFDC5F0656CF0807CC8 /* BrowserViewModelTests.swift */; };
		A351E0FB70EB16584AADC30A /* AuthViewModel.swift in Sources */ = {isa = PBXBuildFile; fileRef = 080CE2D76A481F113E419492 /* AuthViewModel.swift */; };
		AA11BB22CC33DD44EE55FF01 /* UploadTask.swift in Sources */ = {isa = PBXBuildFile; fileRef = AA11BB22CC33DD44EE55FF02 /* UploadTask.swift */; };
		ADA1629607AAC548E43E58D5 /* MockS3Service.swift in Sources */ = {isa = PBXBuildFile; fileRef = BF8F8590CBA98CFBD160E1EC /* MockS3Service.swift */; };
		AF1763EBD91226355E394A41 /* CacheService.swift in Sources */ = {isa = PBXBuildFile; fileRef = 8D78056DDD3B608C5057C0DE /* CacheService.swift */; };
		B01551CD5CB245F193F845E5 /* UploadViewModel.swift in Sources */ = {isa = PBXBuildFile; fileRef = 6EA26FAAC84244518170ED78 /* UploadViewModel.swift */; };
		B05A426391D84B2BAF228884 /* FileActionFlowTests.swift in Sources */ = {isa = PBXBuildFile; fileRef = A3F0405175014770AF1296F8 /* FileActionFlowTests.swift */; };
		B4660C4A04C7E09AE5D3C927 /* AuthViewModelTests.swift in Sources */ = {isa = PBXBuildFile; fileRef = B8B807F4F72E23687522733D /* AuthViewModelTests.swift */; };
		BC5C027BCFC5638C71AA6E32 /* PhotoViewer.swift in Sources */ = {isa = PBXBuildFile; fileRef = 5DC8E4455DF521C9B69FC8C4 /* PhotoViewer.swift */; };
		BFF7AE25E7AB4176CD940B1E /* ViewerViewModelTests.swift in Sources */ = {isa = PBXBuildFile; fileRef = 6F1B3F8EBBAC55DF508259FA /* ViewerViewModelTests.swift */; };
		C64C588E8DAEE91663C9EE6B /* ViewerContainer.swift in Sources */ = {isa = PBXBuildFile; fileRef = 94D6AFD0E7D6F10BA29FE7BB /* ViewerContainer.swift */; };
		C64C588E8DAEE91663C9EE6C /* ViewerCarousel.swift in Sources */ = {isa = PBXBuildFile; fileRef = 94D6AFD0E7D6F10BA29FE7BC /* ViewerCarousel.swift */; };
		CEAB4C34175247C5BDFA9192 /* BrowserViewModelSelectionTests.swift in Sources */ = {isa = PBXBuildFile; fileRef = 7EB07CC2CC24469983B70445 /* BrowserViewModelSelectionTests.swift */; };
		CFA3AF2A444EE505C929EAB3 /* BrowseState.swift in Sources */ = {isa = PBXBuildFile; fileRef = B68198408E682350F1E44B5C /* BrowseState.swift */; };
		D65094F1C033D3862F179ADC /* GenericFileView.swift in Sources */ = {isa = PBXBuildFile; fileRef = 8D053ACBF6B15042D98CFD47 /* GenericFileView.swift */; };
		D7D7FA2EA4F8BF17355EE554 /* PDFViewerView.swift in Sources */ = {isa = PBXBuildFile; fileRef = 4784627EB044F78D8A6D4542 /* PDFViewerView.swift */; };
		DF01D18B47BA43CCB900B8F5 /* SelectionActionBar.swift in Sources */ = {isa = PBXBuildFile; fileRef = A86098DF4E184E0588352938 /* SelectionActionBar.swift */; };
		E43E04920DDED0380A6CBF62 /* S3ServiceIntegrationTests.swift in Sources */ = {isa = PBXBuildFile; fileRef = A9A3AE9BE5D3CE1CE9A3A835 /* S3ServiceIntegrationTests.swift */; };
		FCCCF295E3FC4919868F18D1 /* Assets.xcassets in Resources */ = {isa = PBXBuildFile; fileRef = C703CF53D14149C193D9B243 /* Assets.xcassets */; };
/* End PBXBuildFile section */

/* Begin PBXContainerItemProxy section */
		3845BF37E0C9D9428E3781DB /* PBXContainerItemProxy */ = {
			isa = PBXContainerItemProxy;
			containerPortal = 1D9643EF9EE3016CBA28E92E /* Project object */;
			proxyType = 1;
			remoteGlobalIDString = 9855830874CC7A364160DB2C;
			remoteInfo = S3Gallery;
		};
		8E064B7BEB0F7CF66762CBF5 /* PBXContainerItemProxy */ = {
			isa = PBXContainerItemProxy;
			containerPortal = 1D9643EF9EE3016CBA28E92E /* Project object */;
			proxyType = 1;
			remoteGlobalIDString = 9855830874CC7A364160DB2C;
			remoteInfo = S3Gallery;
		};
		CD9D1242BAA42B49D4F16AC3 /* PBXContainerItemProxy */ = {
			isa = PBXContainerItemProxy;
			containerPortal = 1D9643EF9EE3016CBA28E92E /* Project object */;
			proxyType = 1;
			remoteGlobalIDString = 9855830874CC7A364160DB2C;
			remoteInfo = S3Gallery;
		};
/* End PBXContainerItemProxy section */

/* Begin PBXFileReference section */
		01417CFDC5F0656CF0807CC8 /* BrowserViewModelTests.swift */ = {isa = PBXFileReference; lastKnownFileType = sourcecode.swift; path = BrowserViewModelTests.swift; sourceTree = "<group>"; };
		05D44367D1596FFC2107C4DD /* Info.plist */ = {isa = PBXFileReference; lastKnownFileType = text.plist; path = Info.plist; sourceTree = "<group>"; };
		080CE2D76A481F113E419492 /* AuthViewModel.swift */ = {isa = PBXFileReference; lastKnownFileType = sourcecode.swift; path = AuthViewModel.swift; sourceTree = "<group>"; };
		0EAB74734188FC18370EDEC7 /* FileTypeDetector.swift */ = {isa = PBXFileReference; lastKnownFileType = sourcecode.swift; path = FileTypeDetector.swift; sourceTree = "<group>"; };
		0FF04F110CA4A7D0E23C5AD9 /* CredentialsServiceTests.swift */ = {isa = PBXFileReference; lastKnownFileType = sourcecode.swift; path = CredentialsServiceTests.swift; sourceTree = "<group>"; };
		1401FECD7B804EF5A3091A73 /* UploadViewModelTests.swift */ = {isa = PBXFileReference; lastKnownFileType = sourcecode.swift; path = UploadViewModelTests.swift; sourceTree = "<group>"; };
		151BDBF6130FF71FAC09E0CA /* UITestSupport.swift */ = {isa = PBXFileReference; lastKnownFileType = sourcecode.swift; path = UITestSupport.swift; sourceTree = "<group>"; };
		157673D547C21A0234C6E9D7 /* ViewerViewModel.swift */ = {isa = PBXFileReference; lastKnownFileType = sourcecode.swift; path = ViewerViewModel.swift; sourceTree = "<group>"; };
		160CE9D4805A733735EFDBE5 /* BrowserViewModel.swift */ = {isa = PBXFileReference; lastKnownFileType = sourcecode.swift; path = BrowserViewModel.swift; sourceTree = "<group>"; };
		18CDCCBDF09A4891A8AD8FA5 /* ActivityViewController.swift */ = {isa = PBXFileReference; lastKnownFileType = sourcecode.swift; path = ActivityViewController.swift; sourceTree = "<group>"; };
		1CB3D4E864411769634427E4 /* LogoutFlowTests.swift */ = {isa = PBXFileReference; lastKnownFileType = sourcecode.swift; path = LogoutFlowTests.swift; sourceTree = "<group>"; };
		1FED5DE28152CED18F778162 /* VideoPlayerView.swift */ = {isa = PBXFileReference; lastKnownFileType = sourcecode.swift; path = VideoPlayerView.swift; sourceTree = "<group>"; };
		237E2CA02BCFB4E2BE4876EA /* S3GalleryTests.xctest */ = {isa = PBXFileReference; explicitFileType = wrapper.cfbundle; includeInIndex = 0; path = S3GalleryTests.xctest; sourceTree = BUILT_PRODUCTS_DIR; };
		27C1BC300051A40F6006A778 /* S3GalleryIntegrationTests.xctest */ = {isa = PBXFileReference; explicitFileType = wrapper.cfbundle; includeInIndex = 0; path = S3GalleryIntegrationTests.xctest; sourceTree = BUILT_PRODUCTS_DIR; };
		2881FEF5D4C73087C19874B8 /* FileTypeDetectorTests.swift */ = {isa = PBXFileReference; lastKnownFileType = sourcecode.swift; path = FileTypeDetectorTests.swift; sourceTree = "<group>"; };
		2B05F436D96E5323E80AEE9D /* BrowserListView.swift */ = {isa = PBXFileReference; lastKnownFileType = sourcecode.swift; path = BrowserListView.swift; sourceTree = "<group>"; };
		3127CE2458A84C2F953740FB /* ImageIOThumbnailTests.swift */ = {isa = PBXFileReference; lastKnownFileType = sourcecode.swift; path = ImageIOThumbnailTests.swift; sourceTree = "<group>"; };
		450D40852532D286A097A330 /* AudioPlayerView.swift */ = {isa = PBXFileReference; lastKnownFileType = sourcecode.swift; path = AudioPlayerView.swift; sourceTree = "<group>"; };
		4784627EB044F78D8A6D4542 /* PDFViewerView.swift */ = {isa = PBXFileReference; lastKnownFileType = sourcecode.swift; path = PDFViewerView.swift; sourceTree = "<group>"; };
		5D1E1D44E5BB4460B7115F7C /* FileActionServiceTests.swift */ = {isa = PBXFileReference; lastKnownFileType = sourcecode.swift; path = FileActionServiceTests.swift; sourceTree = "<group>"; };
		5DC8E4455DF521C9B69FC8C4 /* PhotoViewer.swift */ = {isa = PBXFileReference; lastKnownFileType = sourcecode.swift; path = PhotoViewer.swift; sourceTree = "<group>"; };
		5EBF1BA58F0AF27400364DF7 /* ViewerFlowTests.swift */ = {isa = PBXFileReference; lastKnownFileType = sourcecode.swift; path = ViewerFlowTests.swift; sourceTree = "<group>"; };
		637463A6C3E609560B71729B /* S3ItemRow.swift */ = {isa = PBXFileReference; lastKnownFileType = sourcecode.swift; path = S3ItemRow.swift; sourceTree = "<group>"; };
		680A06D0C1DA65208C2465C4 /* LoginView.swift */ = {isa = PBXFileReference; lastKnownFileType = sourcecode.swift; path = LoginView.swift; sourceTree = "<group>"; };
		69A780D68F8DB916ED9C7D89 /* BrowserGridView.swift */ = {isa = PBXFileReference; lastKnownFileType = sourcecode.swift; path = BrowserGridView.swift; sourceTree = "<group>"; };
		6E69FEB4E396A09AC90487DA /* S3GalleryApp.swift */ = {isa = PBXFileReference; lastKnownFileType = sourcecode.swift; path = S3GalleryApp.swift; sourceTree = "<group>"; };
		6EA26FAAC84244518170ED78 /* UploadViewModel.swift */ = {isa = PBXFileReference; lastKnownFileType = sourcecode.swift; path = UploadViewModel.swift; sourceTree = "<group>"; };
		6F1B3F8EBBAC55DF508259FA /* ViewerViewModelTests.swift */ = {isa = PBXFileReference; lastKnownFileType = sourcecode.swift; path = ViewerViewModelTests.swift; sourceTree = "<group>"; };
		71B51B0FB3DE8FBA3B565423 /* CredentialsService.swift */ = {isa = PBXFileReference; lastKnownFileType = sourcecode.swift; path = CredentialsService.swift; sourceTree = "<group>"; };
		7AB200259B684872A17501F4 /* UploadFlowTests.swift */ = {isa = PBXFileReference; lastKnownFileType = sourcecode.swift; path = UploadFlowTests.swift; sourceTree = "<group>"; };
		7B3A48E944734673ACB486CF /* ThumbnailLoaderTests.swift */ = {isa = PBXFileReference; lastKnownFileType = sourcecode.swift; path = ThumbnailLoaderTests.swift; sourceTree = "<group>"; };
		7EB07CC2CC24469983B70445 /* BrowserViewModelSelectionTests.swift */ = {isa = PBXFileReference; lastKnownFileType = sourcecode.swift; path = BrowserViewModelSelectionTests.swift; sourceTree = "<group>"; };
		8D053ACBF6B15042D98CFD47 /* GenericFileView.swift */ = {isa = PBXFileReference; lastKnownFileType = sourcecode.swift; path = GenericFileView.swift; sourceTree = "<group>"; };
		8D78056DDD3B608C5057C0DE /* CacheService.swift */ = {isa = PBXFileReference; lastKnownFileType = sourcecode.swift; path = CacheService.swift; sourceTree = "<group>"; };
		94D6AFD0E7D6F10BA29FE7BB /* ViewerContainer.swift */ = {isa = PBXFileReference; lastKnownFileType = sourcecode.swift; path = ViewerContainer.swift; sourceTree = "<group>"; };
		94D6AFD0E7D6F10BA29FE7BC /* ViewerCarousel.swift */ = {isa = PBXFileReference; lastKnownFileType = sourcecode.swift; path = ViewerCarousel.swift; sourceTree = "<group>"; };
		981FCE7F188ACD8CBAC04F62 /* Credentials.swift */ = {isa = PBXFileReference; lastKnownFileType = sourcecode.swift; path = Credentials.swift; sourceTree = "<group>"; };
		9DD30D9B04A740B9AD6D8EC5 /* ThumbnailLoader.swift */ = {isa = PBXFileReference; lastKnownFileType = sourcecode.swift; path = ThumbnailLoader.swift; sourceTree = "<group>"; };
		9E97CF58EFC6F3F97C03E18C /* S3Item.swift */ = {isa = PBXFileReference; lastKnownFileType = sourcecode.swift; path = S3Item.swift; sourceTree = "<group>"; };
		A29584D2C6ED4F8EA08845B3 /* UploadSheet.swift */ = {isa = PBXFileReference; lastKnownFileType = sourcecode.swift; path = UploadSheet.swift; sourceTree = "<group>"; };
		310E12B6D921473591E09588 /* CreateFolderSheet.swift */ = {isa = PBXFileReference; lastKnownFileType = sourcecode.swift; path = CreateFolderSheet.swift; sourceTree = "<group>"; };
		A3F0405175014770AF1296F8 /* FileActionFlowTests.swift */ = {isa = PBXFileReference; lastKnownFileType = sourcecode.swift; path = FileActionFlowTests.swift; sourceTree = "<group>"; };
		A86098DF4E184E0588352938 /* SelectionActionBar.swift */ = {isa = PBXFileReference; lastKnownFileType = sourcecode.swift; path = SelectionActionBar.swift; sourceTree = "<group>"; };
		A8FEA8E7CC82466BBCFE31C4 /* FileActionService.swift */ = {isa = PBXFileReference; lastKnownFileType = sourcecode.swift; path = FileActionService.swift; sourceTree = "<group>"; };
		A9A3AE9BE5D3CE1CE9A3A835 /* S3ServiceIntegrationTests.swift */ = {isa = PBXFileReference; lastKnownFileType = sourcecode.swift; path = S3ServiceIntegrationTests.swift; sourceTree = "<group>"; };
		AA11BB22CC33DD44EE55FF02 /* UploadTask.swift */ = {isa = PBXFileReference; lastKnownFileType = sourcecode.swift; path = UploadTask.swift; sourceTree = "<group>"; };
		B0F0CF66C449BD88C3A15F81 /* BrowserView.swift */ = {isa = PBXFileReference; lastKnownFileType = sourcecode.swift; path = BrowserView.swift; sourceTree = "<group>"; };
		B68198408E682350F1E44B5C /* BrowseState.swift */ = {isa = PBXFileReference; lastKnownFileType = sourcecode.swift; path = BrowseState.swift; sourceTree = "<group>"; };
		B8B807F4F72E23687522733D /* AuthViewModelTests.swift */ = {isa = PBXFileReference; lastKnownFileType = sourcecode.swift; path = AuthViewModelTests.swift; sourceTree = "<group>"; };
		BF8F8590CBA98CFBD160E1EC /* MockS3Service.swift */ = {isa = PBXFileReference; lastKnownFileType = sourcecode.swift; path = MockS3Service.swift; sourceTree = "<group>"; };
		C15912A41DEE2D46BD0E1107 /* S3Service.swift */ = {isa = PBXFileReference; lastKnownFileType = sourcecode.swift; path = S3Service.swift; sourceTree = "<group>"; };
		C3301245FAF2C2927D78836D /* S3ServiceProtocol.swift */ = {isa = PBXFileReference; lastKnownFileType = sourcecode.swift; path = S3ServiceProtocol.swift; sourceTree = "<group>"; };
		C703CF53D14149C193D9B243 /* Assets.xcassets */ = {isa = PBXFileReference; lastKnownFileType = folder.assetcatalog; path = Assets.xcassets; sourceTree = "<group>"; };
		C7B5D8B9EF6097D8834E8888 /* S3Gallery.app */ = {isa = PBXFileReference; explicitFileType = wrapper.application; includeInIndex = 0; path = S3Gallery.app; sourceTree = BUILT_PRODUCTS_DIR; };
		CA4ECCE31F81E530CE56DFC9 /* BrowseFlowTests.swift */ = {isa = PBXFileReference; lastKnownFileType = sourcecode.swift; path = BrowseFlowTests.swift; sourceTree = "<group>"; };
		CB279D332B784B7BA3C35BB0 /* DocumentPickerExporter.swift */ = {isa = PBXFileReference; lastKnownFileType = sourcecode.swift; path = DocumentPickerExporter.swift; sourceTree = "<group>"; };
		D3783AA89C98AF6DC8296547 /* BrowserToolbar.swift */ = {isa = PBXFileReference; lastKnownFileType = sourcecode.swift; path = BrowserToolbar.swift; sourceTree = "<group>"; };
		DADC3F0A5C70B22DCE433BB3 /* S3GalleryUITests.xctest */ = {isa = PBXFileReference; explicitFileType = wrapper.cfbundle; includeInIndex = 0; path = S3GalleryUITests.xctest; sourceTree = BUILT_PRODUCTS_DIR; };
		E21F01008AF3E3AA9EBBA735 /* CacheServiceTests.swift */ = {isa = PBXFileReference; lastKnownFileType = sourcecode.swift; path = CacheServiceTests.swift; sourceTree = "<group>"; };
		EA41CDD6218A7BECF74E735C /* SettingsView.swift */ = {isa = PBXFileReference; lastKnownFileType = sourcecode.swift; path = SettingsView.swift; sourceTree = "<group>"; };
		EB17F9414B15CEB68B0151A3 /* LoginFlowTests.swift */ = {isa = PBXFileReference; lastKnownFileType = sourcecode.swift; path = LoginFlowTests.swift; sourceTree = "<group>"; };
/* End PBXFileReference section */

/* Begin PBXFrameworksBuildPhase section */
		CCFEEAD349FC3EB6F3C1E652 /* Frameworks */ = {
			isa = PBXFrameworksBuildPhase;
			buildActionMask = 2147483647;
			files = (
				2DC77376941C3F75F8C0A61D /* AWSS3 in Frameworks */,
			);
			runOnlyForDeploymentPostprocessing = 0;
		};
/* End PBXFrameworksBuildPhase section */

/* Begin PBXGroup section */
		05E640300BF5793A074B2A6A /* S3Gallery */ = {
			isa = PBXGroup;
			children = (
				F9199EAEEAE57785FE226D7C /* Models */,
				0A98369113A67D77946A7BEC /* Services */,
				DA801FE21F1B8AFA39334459 /* Testing */,
				4482E9C8DF693CEFA52D67C4 /* Utilities */,
				6A5112112F13974B18234D10 /* ViewModels */,
				54A20CE6889E61B70FDB2520 /* Views */,
				05D44367D1596FFC2107C4DD /* Info.plist */,
				6E69FEB4E396A09AC90487DA /* S3GalleryApp.swift */,
				C703CF53D14149C193D9B243 /* Assets.xcassets */,
			);
			path = S3Gallery;
			sourceTree = "<group>";
		};
		0A75197D3C4ED442CD6E4A92 = {
			isa = PBXGroup;
			children = (
				05E640300BF5793A074B2A6A /* S3Gallery */,
				27C6CBBEEE986840FD369CF4 /* S3GalleryIntegrationTests */,
				4AD5706B8F7255BB25B5E1CB /* S3GalleryTests */,
				8BA3C4C75EB5958489EB306F /* S3GalleryUITests */,
				D5F9A48187AF02639884A9DD /* Products */,
			);
			sourceTree = "<group>";
		};
		0A98369113A67D77946A7BEC /* Services */ = {
			isa = PBXGroup;
			children = (
				8D78056DDD3B608C5057C0DE /* CacheService.swift */,
				9DD30D9B04A740B9AD6D8EC5 /* ThumbnailLoader.swift */,
				71B51B0FB3DE8FBA3B565423 /* CredentialsService.swift */,
				C15912A41DEE2D46BD0E1107 /* S3Service.swift */,
				C3301245FAF2C2927D78836D /* S3ServiceProtocol.swift */,
				A8FEA8E7CC82466BBCFE31C4 /* FileActionService.swift */,
			);
			path = Services;
			sourceTree = "<group>";
		};
		0C0D7A8CB9E86625849E8922 /* Settings */ = {
			isa = PBXGroup;
			children = (
				EA41CDD6218A7BECF74E735C /* SettingsView.swift */,
			);
			path = Settings;
			sourceTree = "<group>";
		};
		0C4103C82F90A731544AA32F /* Auth */ = {
			isa = PBXGroup;
			children = (
				680A06D0C1DA65208C2465C4 /* LoginView.swift */,
			);
			path = Auth;
			sourceTree = "<group>";
		};
		251AF7B2A44D8B3FCCF89AB3 /* Browser */ = {
			isa = PBXGroup;
			children = (
				69A780D68F8DB916ED9C7D89 /* BrowserGridView.swift */,
				2B05F436D96E5323E80AEE9D /* BrowserListView.swift */,
				D3783AA89C98AF6DC8296547 /* BrowserToolbar.swift */,
				B0F0CF66C449BD88C3A15F81 /* BrowserView.swift */,
				637463A6C3E609560B71729B /* S3ItemRow.swift */,
				A29584D2C6ED4F8EA08845B3 /* UploadSheet.swift */,
				310E12B6D921473591E09588 /* CreateFolderSheet.swift */,
				A86098DF4E184E0588352938 /* SelectionActionBar.swift */,
			);
			path = Browser;
			sourceTree = "<group>";
		};
		27C6CBBEEE986840FD369CF4 /* S3GalleryIntegrationTests */ = {
			isa = PBXGroup;
			children = (
				A9A3AE9BE5D3CE1CE9A3A835 /* S3ServiceIntegrationTests.swift */,
			);
			name = S3GalleryIntegrationTests;
			path = Tests/S3GalleryIntegrationTests;
			sourceTree = "<group>";
		};
		4482E9C8DF693CEFA52D67C4 /* Utilities */ = {
			isa = PBXGroup;
			children = (
				0EAB74734188FC18370EDEC7 /* FileTypeDetector.swift */,
			);
			path = Utilities;
			sourceTree = "<group>";
		};
		4AD5706B8F7255BB25B5E1CB /* S3GalleryTests */ = {
			isa = PBXGroup;
			children = (
				E54AA60197EB4F98BF16BA92 /* Mocks */,
				B8B807F4F72E23687522733D /* AuthViewModelTests.swift */,
				01417CFDC5F0656CF0807CC8 /* BrowserViewModelTests.swift */,
				E21F01008AF3E3AA9EBBA735 /* CacheServiceTests.swift */,
				7B3A48E944734673ACB486CF /* ThumbnailLoaderTests.swift */,
				3127CE2458A84C2F953740FB /* ImageIOThumbnailTests.swift */,
				0FF04F110CA4A7D0E23C5AD9 /* CredentialsServiceTests.swift */,
				2881FEF5D4C73087C19874B8 /* FileTypeDetectorTests.swift */,
				1401FECD7B804EF5A3091A73 /* UploadViewModelTests.swift */,
				6F1B3F8EBBAC55DF508259FA /* ViewerViewModelTests.swift */,
				5D1E1D44E5BB4460B7115F7C /* FileActionServiceTests.swift */,
				7EB07CC2CC24469983B70445 /* BrowserViewModelSelectionTests.swift */,
			);
			name = S3GalleryTests;
			path = Tests/S3GalleryTests;
			sourceTree = "<group>";
		};
		54A20CE6889E61B70FDB2520 /* Views */ = {
			isa = PBXGroup;
			children = (
				0C4103C82F90A731544AA32F /* Auth */,
				251AF7B2A44D8B3FCCF89AB3 /* Browser */,
				BBAC4836A406435B82F8D6A9 /* Shared */,
				0C0D7A8CB9E86625849E8922 /* Settings */,
				58D8120BDD9AD83753CB23D6 /* Viewer */,
			);
			path = Views;
			sourceTree = "<group>";
		};
		58D8120BDD9AD83753CB23D6 /* Viewer */ = {
			isa = PBXGroup;
			children = (
				450D40852532D286A097A330 /* AudioPlayerView.swift */,
				8D053ACBF6B15042D98CFD47 /* GenericFileView.swift */,
				4784627EB044F78D8A6D4542 /* PDFViewerView.swift */,
				5DC8E4455DF521C9B69FC8C4 /* PhotoViewer.swift */,
				1FED5DE28152CED18F778162 /* VideoPlayerView.swift */,
				94D6AFD0E7D6F10BA29FE7BB /* ViewerContainer.swift */,
				94D6AFD0E7D6F10BA29FE7BC /* ViewerCarousel.swift */,
			);
			path = Viewer;
			sourceTree = "<group>";
		};
		6A5112112F13974B18234D10 /* ViewModels */ = {
			isa = PBXGroup;
			children = (
				080CE2D76A481F113E419492 /* AuthViewModel.swift */,
				160CE9D4805A733735EFDBE5 /* BrowserViewModel.swift */,
				6EA26FAAC84244518170ED78 /* UploadViewModel.swift */,
				157673D547C21A0234C6E9D7 /* ViewerViewModel.swift */,
			);
			path = ViewModels;
			sourceTree = "<group>";
		};
		8BA3C4C75EB5958489EB306F /* S3GalleryUITests */ = {
			isa = PBXGroup;
			children = (
				CA4ECCE31F81E530CE56DFC9 /* BrowseFlowTests.swift */,
				EB17F9414B15CEB68B0151A3 /* LoginFlowTests.swift */,
				1CB3D4E864411769634427E4 /* LogoutFlowTests.swift */,
				7AB200259B684872A17501F4 /* UploadFlowTests.swift */,
				5EBF1BA58F0AF27400364DF7 /* ViewerFlowTests.swift */,
				A3F0405175014770AF1296F8 /* FileActionFlowTests.swift */,
			);
			name = S3GalleryUITests;
			path = Tests/S3GalleryUITests;
			sourceTree = "<group>";
		};
		BBAC4836A406435B82F8D6A9 /* Shared */ = {
			isa = PBXGroup;
			children = (
				18CDCCBDF09A4891A8AD8FA5 /* ActivityViewController.swift */,
				CB279D332B784B7BA3C35BB0 /* DocumentPickerExporter.swift */,
			);
			path = Shared;
			sourceTree = "<group>";
		};
		D5F9A48187AF02639884A9DD /* Products */ = {
			isa = PBXGroup;
			children = (
				C7B5D8B9EF6097D8834E8888 /* S3Gallery.app */,
				27C1BC300051A40F6006A778 /* S3GalleryIntegrationTests.xctest */,
				237E2CA02BCFB4E2BE4876EA /* S3GalleryTests.xctest */,
				DADC3F0A5C70B22DCE433BB3 /* S3GalleryUITests.xctest */,
			);
			name = Products;
			sourceTree = "<group>";
		};
		DA801FE21F1B8AFA39334459 /* Testing */ = {
			isa = PBXGroup;
			children = (
				151BDBF6130FF71FAC09E0CA /* UITestSupport.swift */,
			);
			path = Testing;
			sourceTree = "<group>";
		};
		E54AA60197EB4F98BF16BA92 /* Mocks */ = {
			isa = PBXGroup;
			children = (
				BF8F8590CBA98CFBD160E1EC /* MockS3Service.swift */,
			);
			path = Mocks;
			sourceTree = "<group>";
		};
		F9199EAEEAE57785FE226D7C /* Models */ = {
			isa = PBXGroup;
			children = (
				B68198408E682350F1E44B5C /* BrowseState.swift */,
				981FCE7F188ACD8CBAC04F62 /* Credentials.swift */,
				9E97CF58EFC6F3F97C03E18C /* S3Item.swift */,
				AA11BB22CC33DD44EE55FF02 /* UploadTask.swift */,
			);
			path = Models;
			sourceTree = "<group>";
		};
/* End PBXGroup section */

/* Begin PBXNativeTarget section */
		198245AE745639C9D277106D /* S3GalleryIntegrationTests */ = {
			isa = PBXNativeTarget;
			buildConfigurationList = 05D51CC89A8D2DF44BDE004A /* Build configuration list for PBXNativeTarget "S3GalleryIntegrationTests" */;
			buildPhases = (
				A83B833DE7A077D9DF3AAC3B /* Sources */,
			);
			buildRules = (
			);
			dependencies = (
				A32AC704C47EDD25ED18312F /* PBXTargetDependency */,
			);
			name = S3GalleryIntegrationTests;
			packageProductDependencies = (
			);
			productName = S3GalleryIntegrationTests;
			productReference = 27C1BC300051A40F6006A778 /* S3GalleryIntegrationTests.xctest */;
			productType = "com.apple.product-type.bundle.unit-test";
		};
		492249FB3A88AC430875729C /* S3GalleryUITests */ = {
			isa = PBXNativeTarget;
			buildConfigurationList = 3238D1F43A03649DF7037DBA /* Build configuration list for PBXNativeTarget "S3GalleryUITests" */;
			buildPhases = (
				A8EC362AD2CA6A1416A1D050 /* Sources */,
			);
			buildRules = (
			);
			dependencies = (
				8C6BE1E1C2557F4835703527 /* PBXTargetDependency */,
			);
			name = S3GalleryUITests;
			packageProductDependencies = (
			);
			productName = S3GalleryUITests;
			productReference = DADC3F0A5C70B22DCE433BB3 /* S3GalleryUITests.xctest */;
			productType = "com.apple.product-type.bundle.ui-testing";
		};
		9855830874CC7A364160DB2C /* S3Gallery */ = {
			isa = PBXNativeTarget;
			buildConfigurationList = EA312C8BA8B0199886EF3462 /* Build configuration list for PBXNativeTarget "S3Gallery" */;
			buildPhases = (
				D1A98ECCD3964B29B43D3B05 /* Resources */,
				30B35A83D81C5ECCFFD60DFA /* Sources */,
				CCFEEAD349FC3EB6F3C1E652 /* Frameworks */,
			);
			buildRules = (
			);
			dependencies = (
			);
			name = S3Gallery;
			packageProductDependencies = (
				6012F1BD2FFB5C5D011C1169 /* AWSS3 */,
			);
			productName = S3Gallery;
			productReference = C7B5D8B9EF6097D8834E8888 /* S3Gallery.app */;
			productType = "com.apple.product-type.application";
		};
		E1A5C77DEF1A61D8F00F98B1 /* S3GalleryTests */ = {
			isa = PBXNativeTarget;
			buildConfigurationList = A274FFF2FE9AABDA89C96770 /* Build configuration list for PBXNativeTarget "S3GalleryTests" */;
			buildPhases = (
				D5A3BCDE6BEFBA87EC63C63C /* Sources */,
			);
			buildRules = (
			);
			dependencies = (
				8B0AC173702985E9679012A5 /* PBXTargetDependency */,
			);
			name = S3GalleryTests;
			packageProductDependencies = (
			);
			productName = S3GalleryTests;
			productReference = 237E2CA02BCFB4E2BE4876EA /* S3GalleryTests.xctest */;
			productType = "com.apple.product-type.bundle.unit-test";
		};
/* End PBXNativeTarget section */

/* Begin PBXProject section */
		1D9643EF9EE3016CBA28E92E /* Project object */ = {
			isa = PBXProject;
			attributes = {
				BuildIndependentTargetsInParallel = YES;
				LastUpgradeCheck = 1600;
				TargetAttributes = {
					492249FB3A88AC430875729C = {
						TestTargetID = 9855830874CC7A364160DB2C;
					};
					9855830874CC7A364160DB2C = {
						ProvisioningStyle = Automatic;
					};
				};
			};
			buildConfigurationList = 7FA0B06E86F97C279537C940 /* Build configuration list for PBXProject "S3Gallery" */;
			developmentRegion = en;
			hasScannedForEncodings = 0;
			knownRegions = (
				Base,
				en,
			);
			mainGroup = 0A75197D3C4ED442CD6E4A92;
			minimizedProjectReferenceProxies = 1;
			packageReferences = (
				525B846C9EEA67B84B9770E1 /* XCRemoteSwiftPackageReference "aws-sdk-swift" */,
			);
			preferredProjectObjectVersion = 77;
			productRefGroup = D5F9A48187AF02639884A9DD /* Products */;
			projectDirPath = "";
			projectRoot = "";
			targets = (
				9855830874CC7A364160DB2C /* S3Gallery */,
				198245AE745639C9D277106D /* S3GalleryIntegrationTests */,
				E1A5C77DEF1A61D8F00F98B1 /* S3GalleryTests */,
				492249FB3A88AC430875729C /* S3GalleryUITests */,
			);
		};
/* End PBXProject section */

/* Begin PBXResourcesBuildPhase section */
		D1A98ECCD3964B29B43D3B05 /* Resources */ = {
			isa = PBXResourcesBuildPhase;
			buildActionMask = 2147483647;
			files = (
				FCCCF295E3FC4919868F18D1 /* Assets.xcassets in Resources */,
			);
			runOnlyForDeploymentPostprocessing = 0;
		};
/* End PBXResourcesBuildPhase section */

/* Begin PBXSourcesBuildPhase section */
		30B35A83D81C5ECCFFD60DFA /* Sources */ = {
			isa = PBXSourcesBuildPhase;
			buildActionMask = 2147483647;
			files = (
				79EDB94491094A07EC660ED7 /* AudioPlayerView.swift in Sources */,
				A351E0FB70EB16584AADC30A /* AuthViewModel.swift in Sources */,
				AA11BB22CC33DD44EE55FF01 /* UploadTask.swift in Sources */,
				CFA3AF2A444EE505C929EAB3 /* BrowseState.swift in Sources */,
				7A8691E188E014C5389371D8 /* BrowserGridView.swift in Sources */,
				26D80EBB8AA49E2A06EA5005 /* BrowserListView.swift in Sources */,
				0F145AC2EF378EAF42E066B1 /* BrowserToolbar.swift in Sources */,
				6ADF5D498103987DC785CC6D /* BrowserView.swift in Sources */,
				7D9DB00C7D65756C75847D5C /* BrowserViewModel.swift in Sources */,
				AF1763EBD91226355E394A41 /* CacheService.swift in Sources */,
				6ADFB29AF57C455BA79F4856 /* ThumbnailLoader.swift in Sources */,
				1BC66C350688DEDD05289C8F /* Credentials.swift in Sources */,
				36901F20A6DD18C8A138E214 /* CredentialsService.swift in Sources */,
				9A4DEF27D3E12281D1A9A190 /* FileTypeDetector.swift in Sources */,
				D65094F1C033D3862F179ADC /* GenericFileView.swift in Sources */,
				0718843D0983FC3180F61DB9 /* LoginView.swift in Sources */,
				D7D7FA2EA4F8BF17355EE554 /* PDFViewerView.swift in Sources */,
				BC5C027BCFC5638C71AA6E32 /* PhotoViewer.swift in Sources */,
				766B48E9318811FB495F8B69 /* S3GalleryApp.swift in Sources */,
				19867C2FD6DE067FA0836D00 /* S3Item.swift in Sources */,
				771A2E9469CCC8B215386E85 /* S3ItemRow.swift in Sources */,
				474107FE33288AADC03D7847 /* S3Service.swift in Sources */,
				08502750B642F7E41E3E403D /* S3ServiceProtocol.swift in Sources */,
				9E31D9250AF1087328EC1C6E /* SettingsView.swift in Sources */,
				1895D3A17E4E74777F59F95F /* UITestSupport.swift in Sources */,
				3A1A14B79A5144C1ABEC9B37 /* UploadSheet.swift in Sources */,
				0362BE4B5652448AAB0265EB /* CreateFolderSheet.swift in Sources */,
				B01551CD5CB245F193F845E5 /* UploadViewModel.swift in Sources */,
				4A445D4F3281BD9EAC1E4162 /* VideoPlayerView.swift in Sources */,
				C64C588E8DAEE91663C9EE6B /* ViewerContainer.swift in Sources */,
				C64C588E8DAEE91663C9EE6C /* ViewerCarousel.swift in Sources */,
				151FD9CA6B20BD789F59C78F /* ViewerViewModel.swift in Sources */,
				3EEB802352024E249B862A6A /* FileActionService.swift in Sources */,
				DF01D18B47BA43CCB900B8F5 /* SelectionActionBar.swift in Sources */,
				588D9E808FC84064843761F5 /* ActivityViewController.swift in Sources */,
				846E664C04084981AF7F6BE3 /* DocumentPickerExporter.swift in Sources */,
			);
			runOnlyForDeploymentPostprocessing = 0;
		};
		A83B833DE7A077D9DF3AAC3B /* Sources */ = {
			isa = PBXSourcesBuildPhase;
			buildActionMask = 2147483647;
			files = (
				E43E04920DDED0380A6CBF62 /* S3ServiceIntegrationTests.swift in Sources */,
			);
			runOnlyForDeploymentPostprocessing = 0;
		};
		A8EC362AD2CA6A1416A1D050 /* Sources */ = {
			isa = PBXSourcesBuildPhase;
			buildActionMask = 2147483647;
			files = (
				0238851B7BA5F0191CD4DE93 /* BrowseFlowTests.swift in Sources */,
				04688DC0BC46C8427AA1C6EB /* LoginFlowTests.swift in Sources */,
				9BFF76094A88CFA63BA1490B /* LogoutFlowTests.swift in Sources */,
				527223B5B0C8E662506A25C1 /* ViewerFlowTests.swift in Sources */,
				5600F94502DE4A189C6F667B /* UploadFlowTests.swift in Sources */,
				B05A426391D84B2BAF228884 /* FileActionFlowTests.swift in Sources */,
			);
			runOnlyForDeploymentPostprocessing = 0;
		};
		D5A3BCDE6BEFBA87EC63C63C /* Sources */ = {
			isa = PBXSourcesBuildPhase;
			buildActionMask = 2147483647;
			files = (
				B4660C4A04C7E09AE5D3C927 /* AuthViewModelTests.swift in Sources */,
				A10411628880B1EBDFC4B1F6 /* BrowserViewModelTests.swift in Sources */,
				58FE46E8E1DF7331FC0735FC /* CacheServiceTests.swift in Sources */,
				831EC594A18B4FE8964969A0 /* ThumbnailLoaderTests.swift in Sources */,
				3005B56E4E3B45EC99CBBBAA /* ImageIOThumbnailTests.swift in Sources */,
				4591B4882A55F3B113960969 /* CredentialsServiceTests.swift in Sources */,
				2E8499B4767FBF5B9890722C /* FileTypeDetectorTests.swift in Sources */,
				ADA1629607AAC548E43E58D5 /* MockS3Service.swift in Sources */,
				1C9A46A36DB14DAEAEFF5F53 /* UploadViewModelTests.swift in Sources */,
				BFF7AE25E7AB4176CD940B1E /* ViewerViewModelTests.swift in Sources */,
				381A41F7B7AD4A43A7B029C3 /* FileActionServiceTests.swift in Sources */,
				CEAB4C34175247C5BDFA9192 /* BrowserViewModelSelectionTests.swift in Sources */,
			);
			runOnlyForDeploymentPostprocessing = 0;
		};
/* End PBXSourcesBuildPhase section */

/* Begin PBXTargetDependency section */
		8B0AC173702985E9679012A5 /* PBXTargetDependency */ = {
			isa = PBXTargetDependency;
			target = 9855830874CC7A364160DB2C /* S3Gallery */;
			targetProxy = 8E064B7BEB0F7CF66762CBF5 /* PBXContainerItemProxy */;
		};
		8C6BE1E1C2557F4835703527 /* PBXTargetDependency */ = {
			isa = PBXTargetDependency;
			target = 9855830874CC7A364160DB2C /* S3Gallery */;
			targetProxy = CD9D1242BAA42B49D4F16AC3 /* PBXContainerItemProxy */;
		};
		A32AC704C47EDD25ED18312F /* PBXTargetDependency */ = {
			isa = PBXTargetDependency;
			target = 9855830874CC7A364160DB2C /* S3Gallery */;
			targetProxy = 3845BF37E0C9D9428E3781DB /* PBXContainerItemProxy */;
		};
/* End PBXTargetDependency section */

/* Begin XCBuildConfiguration section */
		03D2E9A4ED6418A488CD41CC /* Debug */ = {
			isa = XCBuildConfiguration;
			buildSettings = {
				BUNDLE_LOADER = "$(TEST_HOST)";
				DEVELOPMENT_TEAM = NAB7797K3F;
				GENERATE_INFOPLIST_FILE = YES;
				LD_RUNPATH_SEARCH_PATHS = (
					"$(inherited)",
					"@executable_path/Frameworks",
					"@loader_path/Frameworks",
				);
				PRODUCT_BUNDLE_IDENTIFIER = com.personal.S3GalleryTests;
				SDKROOT = iphoneos;
				SWIFT_VERSION = 5.9;
				TARGETED_DEVICE_FAMILY = "1,2";
				TEST_HOST = "$(BUILT_PRODUCTS_DIR)/S3Gallery.app/$(BUNDLE_EXECUTABLE_FOLDER_PATH)/S3Gallery";
			};
			name = Debug;
		};
		5B6230B6DE05A92C83D402B4 /* Release */ = {
			isa = XCBuildConfiguration;
			buildSettings = {
				BUNDLE_LOADER = "$(TEST_HOST)";
				DEVELOPMENT_TEAM = NAB7797K3F;
				GENERATE_INFOPLIST_FILE = YES;
				LD_RUNPATH_SEARCH_PATHS = (
					"$(inherited)",
					"@executable_path/Frameworks",
					"@loader_path/Frameworks",
				);
				PRODUCT_BUNDLE_IDENTIFIER = com.personal.S3GalleryTests;
				SDKROOT = iphoneos;
				SWIFT_VERSION = 5.9;
				TARGETED_DEVICE_FAMILY = "1,2";
				TEST_HOST = "$(BUILT_PRODUCTS_DIR)/S3Gallery.app/$(BUNDLE_EXECUTABLE_FOLDER_PATH)/S3Gallery";
			};
			name = Release;
		};
		67B2C83F9859DEE06953658D /* Debug */ = {
			isa = XCBuildConfiguration;
			buildSettings = {
				BUNDLE_LOADER = "$(TEST_HOST)";
				"CODE_SIGN_IDENTITY[sdk=macosx*]" = "-";
				DEVELOPMENT_TEAM = NAB7797K3F;
				GENERATE_INFOPLIST_FILE = YES;
				LD_RUNPATH_SEARCH_PATHS = (
					"$(inherited)",
					"@executable_path/Frameworks",
					"@loader_path/Frameworks",
				);
				PRODUCT_BUNDLE_IDENTIFIER = com.personal.S3GalleryUITests;
				SDKROOT = iphoneos;
				SWIFT_VERSION = 5.9;
				TARGETED_DEVICE_FAMILY = "1,2";
				TEST_TARGET_NAME = S3Gallery;
			};
			name = Debug;
		};
		7CF58EF8A9CFB440547B186C /* Debug */ = {
			isa = XCBuildConfiguration;
			buildSettings = {
				ASSETCATALOG_COMPILER_APPICON_NAME = AppIcon;
				CODE_SIGN_IDENTITY = "Apple Development";
				CODE_SIGN_STYLE = Automatic;
				DEVELOPMENT_TEAM = NAB7797K3F;
				ENABLE_PREVIEWS = YES;
				INFOPLIST_FILE = S3Gallery/Info.plist;
				IPHONEOS_DEPLOYMENT_TARGET = 17.0;
				LD_RUNPATH_SEARCH_PATHS = (
					"$(inherited)",
					"@executable_path/Frameworks",
				);
				PRODUCT_BUNDLE_IDENTIFIER = com.personal.S3Gallery;
				SDKROOT = iphoneos;
				SWIFT_STRICT_CONCURRENCY = complete;
				SWIFT_VERSION = 5.9;
				TARGETED_DEVICE_FAMILY = "1,2";
			};
			name = Debug;
		};
		7FB7AB9EA5784C3807DF68F2 /* Release */ = {
			isa = XCBuildConfiguration;
			buildSettings = {
				BUNDLE_LOADER = "$(TEST_HOST)";
				"CODE_SIGN_IDENTITY[sdk=macosx*]" = "-";
				DEVELOPMENT_TEAM = NAB7797K3F;
				GENERATE_INFOPLIST_FILE = YES;
				LD_RUNPATH_SEARCH_PATHS = (
					"$(inherited)",
					"@executable_path/Frameworks",
					"@loader_path/Frameworks",
				);
				PRODUCT_BUNDLE_IDENTIFIER = com.personal.S3GalleryUITests;
				SDKROOT = iphoneos;
				SWIFT_VERSION = 5.9;
				TARGETED_DEVICE_FAMILY = "1,2";
				TEST_TARGET_NAME = S3Gallery;
			};
			name = Release;
		};
		8785C575B28434092699702C /* Release */ = {
			isa = XCBuildConfiguration;
			buildSettings = {
				BUNDLE_LOADER = "$(TEST_HOST)";
				DEVELOPMENT_TEAM = NAB7797K3F;
				GENERATE_INFOPLIST_FILE = YES;
				LD_RUNPATH_SEARCH_PATHS = (
					"$(inherited)",
					"@executable_path/Frameworks",
					"@loader_path/Frameworks",
				);
				PRODUCT_BUNDLE_IDENTIFIER = com.personal.S3GalleryIntegrationTests;
				SDKROOT = iphoneos;
				SWIFT_VERSION = 5.9;
				TARGETED_DEVICE_FAMILY = "1,2";
				TEST_HOST = "$(BUILT_PRODUCTS_DIR)/S3Gallery.app/$(BUNDLE_EXECUTABLE_FOLDER_PATH)/S3Gallery";
			};
			name = Release;
		};
		A23504D8ABD15C0A6DB3B23C /* Debug */ = {
			isa = XCBuildConfiguration;
			buildSettings = {
				BUNDLE_LOADER = "$(TEST_HOST)";
				DEVELOPMENT_TEAM = NAB7797K3F;
				GENERATE_INFOPLIST_FILE = YES;
				LD_RUNPATH_SEARCH_PATHS = (
					"$(inherited)",
					"@executable_path/Frameworks",
					"@loader_path/Frameworks",
				);
				PRODUCT_BUNDLE_IDENTIFIER = com.personal.S3GalleryIntegrationTests;
				SDKROOT = iphoneos;
				SWIFT_VERSION = 5.9;
				TARGETED_DEVICE_FAMILY = "1,2";
				TEST_HOST = "$(BUILT_PRODUCTS_DIR)/S3Gallery.app/$(BUNDLE_EXECUTABLE_FOLDER_PATH)/S3Gallery";
			};
			name = Debug;
		};
		C4ED1AA6A80CBA1F890467FD /* Release */ = {
			isa = XCBuildConfiguration;
			buildSettings = {
				ASSETCATALOG_COMPILER_APPICON_NAME = AppIcon;
				CODE_SIGN_IDENTITY = "Apple Development";
				CODE_SIGN_STYLE = Automatic;
				DEVELOPMENT_TEAM = NAB7797K3F;
				ENABLE_PREVIEWS = YES;
				INFOPLIST_FILE = S3Gallery/Info.plist;
				IPHONEOS_DEPLOYMENT_TARGET = 17.0;
				LD_RUNPATH_SEARCH_PATHS = (
					"$(inherited)",
					"@executable_path/Frameworks",
				);
				PRODUCT_BUNDLE_IDENTIFIER = com.personal.S3Gallery;
				SDKROOT = iphoneos;
				SWIFT_STRICT_CONCURRENCY = complete;
				SWIFT_VERSION = 5.9;
				TARGETED_DEVICE_FAMILY = "1,2";
			};
			name = Release;
		};
		E74271A34DA10166A9D7380B /* Debug */ = {
			isa = XCBuildConfiguration;
			buildSettings = {
				ALWAYS_SEARCH_USER_PATHS = NO;
				CLANG_ANALYZER_NONNULL = YES;
				CLANG_ANALYZER_NUMBER_OBJECT_CONVERSION = YES_AGGRESSIVE;
				CLANG_CXX_LANGUAGE_STANDARD = "gnu++14";
				CLANG_CXX_LIBRARY = "libc++";
				CLANG_ENABLE_MODULES = YES;
				CLANG_ENABLE_OBJC_ARC = YES;
				CLANG_ENABLE_OBJC_WEAK = YES;
				CLANG_WARN_BLOCK_CAPTURE_AUTORELEASING = YES;
				CLANG_WARN_BOOL_CONVERSION = YES;
				CLANG_WARN_COMMA = YES;
				CLANG_WARN_CONSTANT_CONVERSION = YES;
				CLANG_WARN_DEPRECATED_OBJC_IMPLEMENTATIONS = YES;
				CLANG_WARN_DIRECT_OBJC_ISA_USAGE = YES_ERROR;
				CLANG_WARN_DOCUMENTATION_COMMENTS = YES;
				CLANG_WARN_EMPTY_BODY = YES;
				CLANG_WARN_ENUM_CONVERSION = YES;
				CLANG_WARN_INFINITE_RECURSION = YES;
				CLANG_WARN_INT_CONVERSION = YES;
				CLANG_WARN_NON_LITERAL_NULL_CONVERSION = YES;
				CLANG_WARN_OBJC_IMPLICIT_RETAIN_SELF = YES;
				CLANG_WARN_OBJC_LITERAL_CONVERSION = YES;
				CLANG_WARN_OBJC_ROOT_CLASS = YES_ERROR;
				CLANG_WARN_QUOTED_INCLUDE_IN_FRAMEWORK_HEADER = YES;
				CLANG_WARN_RANGE_LOOP_ANALYSIS = YES;
				CLANG_WARN_STRICT_PROTOTYPES = YES;
				CLANG_WARN_SUSPICIOUS_MOVE = YES;
				CLANG_WARN_UNGUARDED_AVAILABILITY = YES_AGGRESSIVE;
				CLANG_WARN_UNREACHABLE_CODE = YES;
				CLANG_WARN__DUPLICATE_METHOD_MATCH = YES;
				COPY_PHASE_STRIP = NO;
				DEBUG_INFORMATION_FORMAT = dwarf;
				ENABLE_STRICT_OBJC_MSGSEND = YES;
				ENABLE_TESTABILITY = YES;
				GCC_C_LANGUAGE_STANDARD = gnu11;
				GCC_DYNAMIC_NO_PIC = NO;
				GCC_NO_COMMON_BLOCKS = YES;
				GCC_OPTIMIZATION_LEVEL = 0;
				GCC_PREPROCESSOR_DEFINITIONS = (
					"$(inherited)",
					"DEBUG=1",
				);
				GCC_WARN_64_TO_32_BIT_CONVERSION = YES;
				GCC_WARN_ABOUT_RETURN_TYPE = YES_ERROR;
				GCC_WARN_UNDECLARED_SELECTOR = YES;
				GCC_WARN_UNINITIALIZED_AUTOS = YES_AGGRESSIVE;
				GCC_WARN_UNUSED_FUNCTION = YES;
				GCC_WARN_UNUSED_VARIABLE = YES;
				IPHONEOS_DEPLOYMENT_TARGET = 17.0;
				MTL_ENABLE_DEBUG_INFO = INCLUDE_SOURCE;
				MTL_FAST_MATH = YES;
				ONLY_ACTIVE_ARCH = YES;
				PRODUCT_NAME = "$(TARGET_NAME)";
				SDKROOT = iphoneos;
				SWIFT_ACTIVE_COMPILATION_CONDITIONS = DEBUG;
				SWIFT_OPTIMIZATION_LEVEL = "-Onone";
				SWIFT_VERSION = 5.0;
			};
			name = Debug;
		};
		F01C316E70E80D49A6B3343B /* Release */ = {
			isa = XCBuildConfiguration;
			buildSettings = {
				ALWAYS_SEARCH_USER_PATHS = NO;
				CLANG_ANALYZER_NONNULL = YES;
				CLANG_ANALYZER_NUMBER_OBJECT_CONVERSION = YES_AGGRESSIVE;
				CLANG_CXX_LANGUAGE_STANDARD = "gnu++14";
				CLANG_CXX_LIBRARY = "libc++";
				CLANG_ENABLE_MODULES = YES;
				CLANG_ENABLE_OBJC_ARC = YES;
				CLANG_ENABLE_OBJC_WEAK = YES;
				CLANG_WARN_BLOCK_CAPTURE_AUTORELEASING = YES;
				CLANG_WARN_BOOL_CONVERSION = YES;
				CLANG_WARN_COMMA = YES;
				CLANG_WARN_CONSTANT_CONVERSION = YES;
				CLANG_WARN_DEPRECATED_OBJC_IMPLEMENTATIONS = YES;
				CLANG_WARN_DIRECT_OBJC_ISA_USAGE = YES_ERROR;
				CLANG_WARN_DOCUMENTATION_COMMENTS = YES;
				CLANG_WARN_EMPTY_BODY = YES;
				CLANG_WARN_ENUM_CONVERSION = YES;
				CLANG_WARN_INFINITE_RECURSION = YES;
				CLANG_WARN_INT_CONVERSION = YES;
				CLANG_WARN_NON_LITERAL_NULL_CONVERSION = YES;
				CLANG_WARN_OBJC_IMPLICIT_RETAIN_SELF = YES;
				CLANG_WARN_OBJC_LITERAL_CONVERSION = YES;
				CLANG_WARN_OBJC_ROOT_CLASS = YES_ERROR;
				CLANG_WARN_QUOTED_INCLUDE_IN_FRAMEWORK_HEADER = YES;
				CLANG_WARN_RANGE_LOOP_ANALYSIS = YES;
				CLANG_WARN_STRICT_PROTOTYPES = YES;
				CLANG_WARN_SUSPICIOUS_MOVE = YES;
				CLANG_WARN_UNGUARDED_AVAILABILITY = YES_AGGRESSIVE;
				CLANG_WARN_UNREACHABLE_CODE = YES;
				CLANG_WARN__DUPLICATE_METHOD_MATCH = YES;
				COPY_PHASE_STRIP = NO;
				DEBUG_INFORMATION_FORMAT = "dwarf-with-dsym";
				ENABLE_NS_ASSERTIONS = NO;
				ENABLE_STRICT_OBJC_MSGSEND = YES;
				GCC_C_LANGUAGE_STANDARD = gnu11;
				GCC_NO_COMMON_BLOCKS = YES;
				GCC_WARN_64_TO_32_BIT_CONVERSION = YES;
				GCC_WARN_ABOUT_RETURN_TYPE = YES_ERROR;
				GCC_WARN_UNDECLARED_SELECTOR = YES;
				GCC_WARN_UNINITIALIZED_AUTOS = YES_AGGRESSIVE;
				GCC_WARN_UNUSED_FUNCTION = YES;
				GCC_WARN_UNUSED_VARIABLE = YES;
				IPHONEOS_DEPLOYMENT_TARGET = 17.0;
				MTL_ENABLE_DEBUG_INFO = NO;
				MTL_FAST_MATH = YES;
				PRODUCT_NAME = "$(TARGET_NAME)";
				SDKROOT = iphoneos;
				SWIFT_COMPILATION_MODE = wholemodule;
				SWIFT_OPTIMIZATION_LEVEL = "-O";
				SWIFT_VERSION = 5.0;
			};
			name = Release;
		};
/* End XCBuildConfiguration section */

/* Begin XCConfigurationList section */
		05D51CC89A8D2DF44BDE004A /* Build configuration list for PBXNativeTarget "S3GalleryIntegrationTests" */ = {
			isa = XCConfigurationList;
			buildConfigurations = (
				A23504D8ABD15C0A6DB3B23C /* Debug */,
				8785C575B28434092699702C /* Release */,
			);
			defaultConfigurationIsVisible = 0;
			defaultConfigurationName = Debug;
		};
		3238D1F43A03649DF7037DBA /* Build configuration list for PBXNativeTarget "S3GalleryUITests" */ = {
			isa = XCConfigurationList;
			buildConfigurations = (
				67B2C83F9859DEE06953658D /* Debug */,
				7FB7AB9EA5784C3807DF68F2 /* Release */,
			);
			defaultConfigurationIsVisible = 0;
			defaultConfigurationName = Debug;
		};
		7FA0B06E86F97C279537C940 /* Build configuration list for PBXProject "S3Gallery" */ = {
			isa = XCConfigurationList;
			buildConfigurations = (
				E74271A34DA10166A9D7380B /* Debug */,
				F01C316E70E80D49A6B3343B /* Release */,
			);
			defaultConfigurationIsVisible = 0;
			defaultConfigurationName = Debug;
		};
		A274FFF2FE9AABDA89C96770 /* Build configuration list for PBXNativeTarget "S3GalleryTests" */ = {
			isa = XCConfigurationList;
			buildConfigurations = (
				03D2E9A4ED6418A488CD41CC /* Debug */,
				5B6230B6DE05A92C83D402B4 /* Release */,
			);
			defaultConfigurationIsVisible = 0;
			defaultConfigurationName = Debug;
		};
		EA312C8BA8B0199886EF3462 /* Build configuration list for PBXNativeTarget "S3Gallery" */ = {
			isa = XCConfigurationList;
			buildConfigurations = (
				7CF58EF8A9CFB440547B186C /* Debug */,
				C4ED1AA6A80CBA1F890467FD /* Release */,
			);
			defaultConfigurationIsVisible = 0;
			defaultConfigurationName = Debug;
		};
/* End XCConfigurationList section */

/* Begin XCRemoteSwiftPackageReference section */
		525B846C9EEA67B84B9770E1 /* XCRemoteSwiftPackageReference "aws-sdk-swift" */ = {
			isa = XCRemoteSwiftPackageReference;
			repositoryURL = "https://github.com/awslabs/aws-sdk-swift";
			requirement = {
				kind = upToNextMajorVersion;
				minimumVersion = 1.0.0;
			};
		};
/* End XCRemoteSwiftPackageReference section */

/* Begin XCSwiftPackageProductDependency section */
		6012F1BD2FFB5C5D011C1169 /* AWSS3 */ = {
			isa = XCSwiftPackageProductDependency;
			package = 525B846C9EEA67B84B9770E1 /* XCRemoteSwiftPackageReference "aws-sdk-swift" */;
			productName = AWSS3;
		};
/* End XCSwiftPackageProductDependency section */
	};
	rootObject = 1D9643EF9EE3016CBA28E92E /* Project object */;
}
